
Microsoft Visual Studio Solution File, Format Version 12.00
# Visual Studio Version 17
VisualStudioVersion = 17.13.35913.81
MinimumVisualStudioVersion = 10.0.40219.1
Project("{8BC9CEB8-8B4A-11D0-8D11-00A0C91BC942}") = "ch07_3", "ch07_3\ch07_3.vcxproj", "{A3E71D7F-E1D9-4FEF-B5B0-096AC2827852}"
EndProject
Project("{8BC9CEB8-8B4A-11D0-8D11-00A0C91BC942}") = "ch07_7", "ch07_7\ch07_7.vcxproj", "{712F23B7-3537-4B4E-856D-9C867E451632}"
EndProject
Project("{8BC9CEB8-8B4A-11D0-8D11-00A0C91BC942}") = "ch07_11", "ch07_11\ch07_11.vcxproj", "{56CE1405-9EDE-419D-8148-DC55B6D29AD6}"
EndProject
Project("{8BC9CEB8-8B4A-11D0-8D11-00A0C91BC942}") = "ch07_summary", "ch07_summary\ch07_summary.vcxproj", "{572E17D9-BBE1-4563-8BEF-40DBEBC41322}"
EndProject
Project("{8BC9CEB8-8B4A-11D0-8D11-00A0C91BC942}") = "ch08_6", "ch08_6\ch08_6.vcxproj", "{3FB1EAC6-A8EF-4AAB-98C6-924CA42D6DFD}"
EndProject
Project("{8BC9CEB8-8B4A-11D0-8D11-00A0C91BC942}") = "ch08_8", "ch08_8\ch08_8.vcxproj", "{5A55935A-7D53-479C-BFF5-7D8E49294CAE}"
EndProject
Project("{8BC9CEB8-8B4A-11D0-8D11-00A0C91BC942}") = "ch08_10", "ch08_10\ch08_10.vcxproj", "{8E050640-0F46-456C-A9E5-59DDE070E76E}"
EndProject
Project("{8BC9CEB8-8B4A-11D0-8D11-00A0C91BC942}") = "ch08_summary", "ch08_summary\ch08_summary.vcxproj", "{B9CA04EA-007D-4AFD-AD51-582171692FFF}"
EndProject
Project("{8BC9CEB8-8B4A-11D0-8D11-00A0C91BC942}") = "ch09_summary", "ch09_summary\ch09_summary.vcxproj", "{C906D0AB-2FCB-48A1-91E0-C5A067CD346F}"
EndProject
Project("{8BC9CEB8-8B4A-11D0-8D11-00A0C91BC942}") = "ch10_summary", "ch10_summary\ch10_summary.vcxproj", "{C78F90F0-1BEA-4B14-BCCF-73459EAF6229}"
EndProject
Project("{8BC9CEB8-8B4A-11D0-8D11-00A0C91BC942}") = "ch11_9", "ch11_9\ch11_9.vcxproj", "{DF90CE31-1223-458B-AC68-B54AFEE37A21}"
EndProject
Project("{8BC9CEB8-8B4A-11D0-8D11-00A0C91BC942}") = "ch11_summary", "ch11_summary\ch11_summary.vcxproj", "{9A2A7E36-7832-45AC-AF5C-31A6D4778DDA}"
EndProject
Project("{8BC9CEB8-8B4A-11D0-8D11-00A0C91BC942}") = "chF_summary", "chF_summary\chF_summary.vcxproj", "{9BFBE402-F8C6-49B6-B579-78020FBB7E81}"
EndProject
Project("{8BC9CEB8-8B4A-11D0-8D11-00A0C91BC942}") = "ch12_3", "ch12_3\ch12_3.vcxproj", "{C2997D73-E864-4341-8421-CBC165BA1C01}"
EndProject
Project("{8BC9CEB8-8B4A-11D0-8D11-00A0C91BC942}") = "ch12_7", "ch12_7\ch12_7.vcxproj", "{DC8E5ADF-8157-44A2-A297-492FF5B7DC41}"
EndProject
Project("{8BC9CEB8-8B4A-11D0-8D11-00A0C91BC942}") = "ch12_8", "ch12_8\ch12_8.vcxproj", "{F5515FE4-1690-4557-A9DC-515E2720F1FE}"
EndProject
Project("{8BC9CEB8-8B4A-11D0-8D11-00A0C91BC942}") = "ch12_summary", "ch12_summary\ch12_summary.vcxproj", "{216BABB8-9745-408A-BC05-145854E8C785}"
EndProject
Project("{8BC9CEB8-8B4A-11D0-8D11-00A0C91BC942}") = "ch13_2", "ch13_2\ch13_2.vcxproj", "{F5466142-9A85-425D-A3E8-6F0EA1CFAEA0}"
EndProject
Project("{8BC9CEB8-8B4A-11D0-8D11-00A0C91BC942}") = "ch13_3", "ch13_3\ch13_3.vcxproj", "{D41429A9-B78C-43C5-A752-669437F019AA}"
EndProject
Project("{8BC9CEB8-8B4A-11D0-8D11-00A0C91BC942}") = "ch13_6", "ch13_6\ch13_6.vcxproj", "{7C4E31AB-53C0-4BAF-B410-A5D581665E6F}"
EndProject
Project("{8BC9CEB8-8B4A-11D0-8D11-00A0C91BC942}") = "ch13_10", "ch13_10\ch13_10.vcxproj", "{9C8010CF-4819-4020-8191-6CDD00F68B49}"
EndProject
Project("{8BC9CEB8-8B4A-11D0-8D11-00A0C91BC942}") = "ch13_summary", "ch13_summary\ch13_summary.vcxproj", "{8F79BEBD-14CF-4884-A736-32F179E066AC}"
EndProject
Project("{8BC9CEB8-8B4A-11D0-8D11-00A0C91BC942}") = "ch14_01", "ch14_01\ch14_01.vcxproj", "{D6CBE355-ECFA-4DC0-8F88-103042113048}"
EndProject
Project("{8BC9CEB8-8B4A-11D0-8D11-00A0C91BC942}") = "ch14_02", "ch14_02\ch14_02.vcxproj", "{C55D8820-99AA-415F-82A5-A3994163AA77}"
EndProject
Project("{8BC9CEB8-8B4A-11D0-8D11-00A0C91BC942}") = "ch14_03", "ch14_03\ch14_03.vcxproj", "{94FF460C-90A1-4CDB-AF57-E7FBA71261D9}"
EndProject
Project("{8BC9CEB8-8B4A-11D0-8D11-00A0C91BC942}") = "ch14_05", "ch14_05\ch14_05.vcxproj", "{F3041FC4-8924-4233-8075-D650DB91CC18}"
EndProject
Project("{8BC9CEB8-8B4A-11D0-8D11-00A0C91BC942}") = "ch14_10", "ch14_10\ch14_10.vcxproj", "{6C6FEF25-B74C-4896-8AB7-35BE293AC6EB}"
EndProject
Project("{8BC9CEB8-8B4A-11D0-8D11-00A0C91BC942}") = "ch14_12", "ch14_12\ch14_12.vcxproj", "{7AA902EC-FC6D-45B2-B253-0F5FF6BAA368}"
EndProject
Project("{8BC9CEB8-8B4A-11D0-8D11-00A0C91BC942}") = "ch14_14", "ch14_15\ch14_15.vcxproj", "{812FA94B-F542-4B35-A19A-41F39A5620C1}"
EndProject
Project("{8BC9CEB8-8B4A-11D0-8D11-00A0C91BC942}") = "ch14_summary", "ch14_summary\ch14_summary.vcxproj", "{C17AF6C9-F4F4-493D-81CC-D80591BC5D1D}"
EndProject
Project("{8BC9CEB8-8B4A-11D0-8D11-00A0C91BC942}") = "ch15_02", "ch15_02\ch15_02.vcxproj", "{451637F7-DDAA-4994-A222-341D0E19BD8B}"
EndProject
Project("{8BC9CEB8-8B4A-11D0-8D11-00A0C91BC942}") = "ch15_05", "ch15_05\ch15_05.vcxproj", "{1CB8C80A-BB2F-4FD1-B38A-ECA4B2F116AE}"
EndProject
Project("{8BC9CEB8-8B4A-11D0-8D11-00A0C91BC942}") = "ch15_09", "ch15_09\ch15_09.vcxproj", "{78826203-D3F7-4C64-90AB-970B27DCDF4B}"
EndProject
Project("{8BC9CEB8-8B4A-11D0-8D11-00A0C91BC942}") = "ch15_summary", "ch15_summary\ch15_summary.vcxproj", "{6819BC5D-59B6-40CB-A795-75ABFD6998B5}"
EndProject
Project("{8BC9CEB8-8B4A-11D0-8D11-00A0C91BC942}") = "ch16_02", "ch16_02\ch16_02.vcxproj", "{644748A4-AE7E-4409-9F96-BA6F236121A6}"
EndProject
Global
	GlobalSection(SolutionConfigurationPlatforms) = preSolution
		Debug|x64 = Debug|x64
		Debug|x86 = Debug|x86
		Release|x64 = Release|x64
		Release|x86 = Release|x86
	EndGlobalSection
	GlobalSection(ProjectConfigurationPlatforms) = postSolution
		{A3E71D7F-E1D9-4FEF-B5B0-096AC2827852}.Debug|x64.ActiveCfg = Debug|x64
		{A3E71D7F-E1D9-4FEF-B5B0-096AC2827852}.Debug|x64.Build.0 = Debug|x64
		{A3E71D7F-E1D9-4FEF-B5B0-096AC2827852}.Debug|x86.ActiveCfg = Debug|Win32
		{A3E71D7F-E1D9-4FEF-B5B0-096AC2827852}.Debug|x86.Build.0 = Debug|Win32
		{A3E71D7F-E1D9-4FEF-B5B0-096AC2827852}.Release|x64.ActiveCfg = Release|x64
		{A3E71D7F-E1D9-4FEF-B5B0-096AC2827852}.Release|x64.Build.0 = Release|x64
		{A3E71D7F-E1D9-4FEF-B5B0-096AC2827852}.Release|x86.ActiveCfg = Release|Win32
		{A3E71D7F-E1D9-4FEF-B5B0-096AC2827852}.Release|x86.Build.0 = Release|Win32
		{712F23B7-3537-4B4E-856D-9C867E451632}.Debug|x64.ActiveCfg = Debug|x64
		{712F23B7-3537-4B4E-856D-9C867E451632}.Debug|x64.Build.0 = Debug|x64
		{712F23B7-3537-4B4E-856D-9C867E451632}.Debug|x86.ActiveCfg = Debug|Win32
		{712F23B7-3537-4B4E-856D-9C867E451632}.Debug|x86.Build.0 = Debug|Win32
		{712F23B7-3537-4B4E-856D-9C867E451632}.Release|x64.ActiveCfg = Release|x64
		{712F23B7-3537-4B4E-856D-9C867E451632}.Release|x64.Build.0 = Release|x64
		{712F23B7-3537-4B4E-856D-9C867E451632}.Release|x86.ActiveCfg = Release|Win32
		{712F23B7-3537-4B4E-856D-9C867E451632}.Release|x86.Build.0 = Release|Win32
		{56CE1405-9EDE-419D-8148-DC55B6D29AD6}.Debug|x64.ActiveCfg = Debug|x64
		{56CE1405-9EDE-419D-8148-DC55B6D29AD6}.Debug|x64.Build.0 = Debug|x64
		{56CE1405-9EDE-419D-8148-DC55B6D29AD6}.Debug|x86.ActiveCfg = Debug|Win32
		{56CE1405-9EDE-419D-8148-DC55B6D29AD6}.Debug|x86.Build.0 = Debug|Win32
		{56CE1405-9EDE-419D-8148-DC55B6D29AD6}.Release|x64.ActiveCfg = Release|x64
		{56CE1405-9EDE-419D-8148-DC55B6D29AD6}.Release|x64.Build.0 = Release|x64
		{56CE1405-9EDE-419D-8148-DC55B6D29AD6}.Release|x86.ActiveCfg = Release|Win32
		{56CE1405-9EDE-419D-8148-DC55B6D29AD6}.Release|x86.Build.0 = Release|Win32
		{572E17D9-BBE1-4563-8BEF-40DBEBC41322}.Debug|x64.ActiveCfg = Debug|x64
		{572E17D9-BBE1-4563-8BEF-40DBEBC41322}.Debug|x64.Build.0 = Debug|x64
		{572E17D9-BBE1-4563-8BEF-40DBEBC41322}.Debug|x86.ActiveCfg = Debug|Win32
		{572E17D9-BBE1-4563-8BEF-40DBEBC41322}.Debug|x86.Build.0 = Debug|Win32
		{572E17D9-BBE1-4563-8BEF-40DBEBC41322}.Release|x64.ActiveCfg = Release|x64
		{572E17D9-BBE1-4563-8BEF-40DBEBC41322}.Release|x64.Build.0 = Release|x64
		{572E17D9-BBE1-4563-8BEF-40DBEBC41322}.Release|x86.ActiveCfg = Release|Win32
		{572E17D9-BBE1-4563-8BEF-40DBEBC41322}.Release|x86.Build.0 = Release|Win32
		{3FB1EAC6-A8EF-4AAB-98C6-924CA42D6DFD}.Debug|x64.ActiveCfg = Debug|x64
		{3FB1EAC6-A8EF-4AAB-98C6-924CA42D6DFD}.Debug|x64.Build.0 = Debug|x64
		{3FB1EAC6-A8EF-4AAB-98C6-924CA42D6DFD}.Debug|x86.ActiveCfg = Debug|Win32
		{3FB1EAC6-A8EF-4AAB-98C6-924CA42D6DFD}.Debug|x86.Build.0 = Debug|Win32
		{3FB1EAC6-A8EF-4AAB-98C6-924CA42D6DFD}.Release|x64.ActiveCfg = Release|x64
		{3FB1EAC6-A8EF-4AAB-98C6-924CA42D6DFD}.Release|x64.Build.0 = Release|x64
		{3FB1EAC6-A8EF-4AAB-98C6-924CA42D6DFD}.Release|x86.ActiveCfg = Release|Win32
		{3FB1EAC6-A8EF-4AAB-98C6-924CA42D6DFD}.Release|x86.Build.0 = Release|Win32
		{5A55935A-7D53-479C-BFF5-7D8E49294CAE}.Debug|x64.ActiveCfg = Debug|x64
		{5A55935A-7D53-479C-BFF5-7D8E49294CAE}.Debug|x64.Build.0 = Debug|x64
		{5A55935A-7D53-479C-BFF5-7D8E49294CAE}.Debug|x86.ActiveCfg = Debug|Win32
		{5A55935A-7D53-479C-BFF5-7D8E49294CAE}.Debug|x86.Build.0 = Debug|Win32
		{5A55935A-7D53-479C-BFF5-7D8E49294CAE}.Release|x64.ActiveCfg = Release|x64
		{5A55935A-7D53-479C-BFF5-7D8E49294CAE}.Release|x64.Build.0 = Release|x64
		{5A55935A-7D53-479C-BFF5-7D8E49294CAE}.Release|x86.ActiveCfg = Release|Win32
		{5A55935A-7D53-479C-BFF5-7D8E49294CAE}.Release|x86.Build.0 = Release|Win32
		{8E050640-0F46-456C-A9E5-59DDE070E76E}.Debug|x64.ActiveCfg = Debug|x64
		{8E050640-0F46-456C-A9E5-59DDE070E76E}.Debug|x64.Build.0 = Debug|x64
		{8E050640-0F46-456C-A9E5-59DDE070E76E}.Debug|x86.ActiveCfg = Debug|Win32
		{8E050640-0F46-456C-A9E5-59DDE070E76E}.Debug|x86.Build.0 = Debug|Win32
		{8E050640-0F46-456C-A9E5-59DDE070E76E}.Release|x64.ActiveCfg = Release|x64
		{8E050640-0F46-456C-A9E5-59DDE070E76E}.Release|x64.Build.0 = Release|x64
		{8E050640-0F46-456C-A9E5-59DDE070E76E}.Release|x86.ActiveCfg = Release|Win32
		{8E050640-0F46-456C-A9E5-59DDE070E76E}.Release|x86.Build.0 = Release|Win32
		{B9CA04EA-007D-4AFD-AD51-582171692FFF}.Debug|x64.ActiveCfg = Debug|x64
		{B9CA04EA-007D-4AFD-AD51-582171692FFF}.Debug|x64.Build.0 = Debug|x64
		{B9CA04EA-007D-4AFD-AD51-582171692FFF}.Debug|x86.ActiveCfg = Debug|Win32
		{B9CA04EA-007D-4AFD-AD51-582171692FFF}.Debug|x86.Build.0 = Debug|Win32
		{B9CA04EA-007D-4AFD-AD51-582171692FFF}.Release|x64.ActiveCfg = Release|x64
		{B9CA04EA-007D-4AFD-AD51-582171692FFF}.Release|x64.Build.0 = Release|x64
		{B9CA04EA-007D-4AFD-AD51-582171692FFF}.Release|x86.ActiveCfg = Release|Win32
		{B9CA04EA-007D-4AFD-AD51-582171692FFF}.Release|x86.Build.0 = Release|Win32
		{C906D0AB-2FCB-48A1-91E0-C5A067CD346F}.Debug|x64.ActiveCfg = Debug|x64
		{C906D0AB-2FCB-48A1-91E0-C5A067CD346F}.Debug|x64.Build.0 = Debug|x64
		{C906D0AB-2FCB-48A1-91E0-C5A067CD346F}.Debug|x86.ActiveCfg = Debug|Win32
		{C906D0AB-2FCB-48A1-91E0-C5A067CD346F}.Debug|x86.Build.0 = Debug|Win32
		{C906D0AB-2FCB-48A1-91E0-C5A067CD346F}.Release|x64.ActiveCfg = Release|x64
		{C906D0AB-2FCB-48A1-91E0-C5A067CD346F}.Release|x64.Build.0 = Release|x64
		{C906D0AB-2FCB-48A1-91E0-C5A067CD346F}.Release|x86.ActiveCfg = Release|Win32
		{C906D0AB-2FCB-48A1-91E0-C5A067CD346F}.Release|x86.Build.0 = Release|Win32
		{C78F90F0-1BEA-4B14-BCCF-73459EAF6229}.Debug|x64.ActiveCfg = Debug|x64
		{C78F90F0-1BEA-4B14-BCCF-73459EAF6229}.Debug|x64.Build.0 = Debug|x64
		{C78F90F0-1BEA-4B14-BCCF-73459EAF6229}.Debug|x86.ActiveCfg = Debug|Win32
		{C78F90F0-1BEA-4B14-BCCF-73459EAF6229}.Debug|x86.Build.0 = Debug|Win32
		{C78F90F0-1BEA-4B14-BCCF-73459EAF6229}.Release|x64.ActiveCfg = Release|x64
		{C78F90F0-1BEA-4B14-BCCF-73459EAF6229}.Release|x64.Build.0 = Release|x64
		{C78F90F0-1BEA-4B14-BCCF-73459EAF6229}.Release|x86.ActiveCfg = Release|Win32
		{C78F90F0-1BEA-4B14-BCCF-73459EAF6229}.Release|x86.Build.0 = Release|Win32
		{DF90CE31-1223-458B-AC68-B54AFEE37A21}.Debug|x64.ActiveCfg = Debug|x64
		{DF90CE31-1223-458B-AC68-B54AFEE37A21}.Debug|x64.Build.0 = Debug|x64
		{DF90CE31-1223-458B-AC68-B54AFEE37A21}.Debug|x86.ActiveCfg = Debug|Win32
		{DF90CE31-1223-458B-AC68-B54AFEE37A21}.Debug|x86.Build.0 = Debug|Win32
		{DF90CE31-1223-458B-AC68-B54AFEE37A21}.Release|x64.ActiveCfg = Release|x64
		{DF90CE31-1223-458B-AC68-B54AFEE37A21}.Release|x64.Build.0 = Release|x64
		{DF90CE31-1223-458B-AC68-B54AFEE37A21}.Release|x86.ActiveCfg = Release|Win32
		{DF90CE31-1223-458B-AC68-B54AFEE37A21}.Release|x86.Build.0 = Release|Win32
		{9A2A7E36-7832-45AC-AF5C-31A6D4778DDA}.Debug|x64.ActiveCfg = Debug|x64
		{9A2A7E36-7832-45AC-AF5C-31A6D4778DDA}.Debug|x64.Build.0 = Debug|x64
		{9A2A7E36-7832-45AC-AF5C-31A6D4778DDA}.Debug|x86.ActiveCfg = Debug|Win32
		{9A2A7E36-7832-45AC-AF5C-31A6D4778DDA}.Debug|x86.Build.0 = Debug|Win32
		{9A2A7E36-7832-45AC-AF5C-31A6D4778DDA}.Release|x64.ActiveCfg = Release|x64
		{9A2A7E36-7832-45AC-AF5C-31A6D4778DDA}.Release|x64.Build.0 = Release|x64
		{9A2A7E36-7832-45AC-AF5C-31A6D4778DDA}.Release|x86.ActiveCfg = Release|Win32
		{9A2A7E36-7832-45AC-AF5C-31A6D4778DDA}.Release|x86.Build.0 = Release|Win32
		{9BFBE402-F8C6-49B6-B579-78020FBB7E81}.Debug|x64.ActiveCfg = Debug|x64
		{9BFBE402-F8C6-49B6-B579-78020FBB7E81}.Debug|x64.Build.0 = Debug|x64
		{9BFBE402-F8C6-49B6-B579-78020FBB7E81}.Debug|x86.ActiveCfg = Debug|Win32
		{9BFBE402-F8C6-49B6-B579-78020FBB7E81}.Debug|x86.Build.0 = Debug|Win32
		{9BFBE402-F8C6-49B6-B579-78020FBB7E81}.Release|x64.ActiveCfg = Release|x64
		{9BFBE402-F8C6-49B6-B579-78020FBB7E81}.Release|x64.Build.0 = Release|x64
		{9BFBE402-F8C6-49B6-B579-78020FBB7E81}.Release|x86.ActiveCfg = Release|Win32
		{9BFBE402-F8C6-49B6-B579-78020FBB7E81}.Release|x86.Build.0 = Release|Win32
		{C2997D73-E864-4341-8421-CBC165BA1C01}.Debug|x64.ActiveCfg = Debug|x64
		{C2997D73-E864-4341-8421-CBC165BA1C01}.Debug|x64.Build.0 = Debug|x64
		{C2997D73-E864-4341-8421-CBC165BA1C01}.Debug|x86.ActiveCfg = Debug|Win32
		{C2997D73-E864-4341-8421-CBC165BA1C01}.Debug|x86.Build.0 = Debug|Win32
		{C2997D73-E864-4341-8421-CBC165BA1C01}.Release|x64.ActiveCfg = Release|x64
		{C2997D73-E864-4341-8421-CBC165BA1C01}.Release|x64.Build.0 = Release|x64
		{C2997D73-E864-4341-8421-CBC165BA1C01}.Release|x86.ActiveCfg = Release|Win32
		{C2997D73-E864-4341-8421-CBC165BA1C01}.Release|x86.Build.0 = Release|Win32
		{DC8E5ADF-8157-44A2-A297-492FF5B7DC41}.Debug|x64.ActiveCfg = Debug|x64
		{DC8E5ADF-8157-44A2-A297-492FF5B7DC41}.Debug|x64.Build.0 = Debug|x64
		{DC8E5ADF-8157-44A2-A297-492FF5B7DC41}.Debug|x86.ActiveCfg = Debug|Win32
		{DC8E5ADF-8157-44A2-A297-492FF5B7DC41}.Debug|x86.Build.0 = Debug|Win32
		{DC8E5ADF-8157-44A2-A297-492FF5B7DC41}.Release|x64.ActiveCfg = Release|x64
		{DC8E5ADF-8157-44A2-A297-492FF5B7DC41}.Release|x64.Build.0 = Release|x64
		{DC8E5ADF-8157-44A2-A297-492FF5B7DC41}.Release|x86.ActiveCfg = Release|Win32
		{DC8E5ADF-8157-44A2-A297-492FF5B7DC41}.Release|x86.Build.0 = Release|Win32
		{F5515FE4-1690-4557-A9DC-515E2720F1FE}.Debug|x64.ActiveCfg = Debug|x64
		{F5515FE4-1690-4557-A9DC-515E2720F1FE}.Debug|x64.Build.0 = Debug|x64
		{F5515FE4-1690-4557-A9DC-515E2720F1FE}.Debug|x86.ActiveCfg = Debug|Win32
		{F5515FE4-1690-4557-A9DC-515E2720F1FE}.Debug|x86.Build.0 = Debug|Win32
		{F5515FE4-1690-4557-A9DC-515E2720F1FE}.Release|x64.ActiveCfg = Release|x64
		{F5515FE4-1690-4557-A9DC-515E2720F1FE}.Release|x64.Build.0 = Release|x64
		{F5515FE4-1690-4557-A9DC-515E2720F1FE}.Release|x86.ActiveCfg = Release|Win32
		{F5515FE4-1690-4557-A9DC-515E2720F1FE}.Release|x86.Build.0 = Release|Win32
		{216BABB8-9745-408A-BC05-145854E8C785}.Debug|x64.ActiveCfg = Debug|x64
		{216BABB8-9745-408A-BC05-145854E8C785}.Debug|x64.Build.0 = Debug|x64
		{216BABB8-9745-408A-BC05-145854E8C785}.Debug|x86.ActiveCfg = Debug|Win32
		{216BABB8-9745-408A-BC05-145854E8C785}.Debug|x86.Build.0 = Debug|Win32
		{216BABB8-9745-408A-BC05-145854E8C785}.Release|x64.ActiveCfg = Release|x64
		{216BABB8-9745-408A-BC05-145854E8C785}.Release|x64.Build.0 = Release|x64
		{216BABB8-9745-408A-BC05-145854E8C785}.Release|x86.ActiveCfg = Release|Win32
		{216BABB8-9745-408A-BC05-145854E8C785}.Release|x86.Build.0 = Release|Win32
		{F5466142-9A85-425D-A3E8-6F0EA1CFAEA0}.Debug|x64.ActiveCfg = Debug|x64
		{F5466142-9A85-425D-A3E8-6F0EA1CFAEA0}.Debug|x64.Build.0 = Debug|x64
		{F5466142-9A85-425D-A3E8-6F0EA1CFAEA0}.Debug|x86.ActiveCfg = Debug|Win32
		{F5466142-9A85-425D-A3E8-6F0EA1CFAEA0}.Debug|x86.Build.0 = Debug|Win32
		{F5466142-9A85-425D-A3E8-6F0EA1CFAEA0}.Release|x64.ActiveCfg = Release|x64
		{F5466142-9A85-425D-A3E8-6F0EA1CFAEA0}.Release|x64.Build.0 = Release|x64
		{F5466142-9A85-425D-A3E8-6F0EA1CFAEA0}.Release|x86.ActiveCfg = Release|Win32
		{F5466142-9A85-425D-A3E8-6F0EA1CFAEA0}.Release|x86.Build.0 = Release|Win32
		{D41429A9-B78C-43C5-A752-669437F019AA}.Debug|x64.ActiveCfg = Debug|x64
		{D41429A9-B78C-43C5-A752-669437F019AA}.Debug|x64.Build.0 = Debug|x64
		{D41429A9-B78C-43C5-A752-669437F019AA}.Debug|x86.ActiveCfg = Debug|Win32
		{D41429A9-B78C-43C5-A752-669437F019AA}.Debug|x86.Build.0 = Debug|Win32
		{D41429A9-B78C-43C5-A752-669437F019AA}.Release|x64.ActiveCfg = Release|x64
		{D41429A9-B78C-43C5-A752-669437F019AA}.Release|x64.Build.0 = Release|x64
		{D41429A9-B78C-43C5-A752-669437F019AA}.Release|x86.ActiveCfg = Release|Win32
		{D41429A9-B78C-43C5-A752-669437F019AA}.Release|x86.Build.0 = Release|Win32
		{7C4E31AB-53C0-4BAF-B410-A5D581665E6F}.Debug|x64.ActiveCfg = Debug|x64
		{7C4E31AB-53C0-4BAF-B410-A5D581665E6F}.Debug|x64.Build.0 = Debug|x64
		{7C4E31AB-53C0-4BAF-B410-A5D581665E6F}.Debug|x86.ActiveCfg = Debug|Win32
		{7C4E31AB-53C0-4BAF-B410-A5D581665E6F}.Debug|x86.Build.0 = Debug|Win32
		{7C4E31AB-53C0-4BAF-B410-A5D581665E6F}.Release|x64.ActiveCfg = Release|x64
		{7C4E31AB-53C0-4BAF-B410-A5D581665E6F}.Release|x64.Build.0 = Release|x64
		{7C4E31AB-53C0-4BAF-B410-A5D581665E6F}.Release|x86.ActiveCfg = Release|Win32
		{7C4E31AB-53C0-4BAF-B410-A5D581665E6F}.Release|x86.Build.0 = Release|Win32
		{9C8010CF-4819-4020-8191-6CDD00F68B49}.Debug|x64.ActiveCfg = Debug|x64
		{9C8010CF-4819-4020-8191-6CDD00F68B49}.Debug|x64.Build.0 = Debug|x64
		{9C8010CF-4819-4020-8191-6CDD00F68B49}.Debug|x86.ActiveCfg = Debug|Win32
		{9C8010CF-4819-4020-8191-6CDD00F68B49}.Debug|x86.Build.0 = Debug|Win32
		{9C8010CF-4819-4020-8191-6CDD00F68B49}.Release|x64.ActiveCfg = Release|x64
		{9C8010CF-4819-4020-8191-6CDD00F68B49}.Release|x64.Build.0 = Release|x64
		{9C8010CF-4819-4020-8191-6CDD00F68B49}.Release|x86.ActiveCfg = Release|Win32
		{9C8010CF-4819-4020-8191-6CDD00F68B49}.Release|x86.Build.0 = Release|Win32
		{8F79BEBD-14CF-4884-A736-32F179E066AC}.Debug|x64.ActiveCfg = Debug|x64
		{8F79BEBD-14CF-4884-A736-32F179E066AC}.Debug|x64.Build.0 = Debug|x64
		{8F79BEBD-14CF-4884-A736-32F179E066AC}.Debug|x86.ActiveCfg = Debug|Win32
		{8F79BEBD-14CF-4884-A736-32F179E066AC}.Debug|x86.Build.0 = Debug|Win32
		{8F79BEBD-14CF-4884-A736-32F179E066AC}.Release|x64.ActiveCfg = Release|x64
		{8F79BEBD-14CF-4884-A736-32F179E066AC}.Release|x64.Build.0 = Release|x64
		{8F79BEBD-14CF-4884-A736-32F179E066AC}.Release|x86.ActiveCfg = Release|Win32
		{8F79BEBD-14CF-4884-A736-32F179E066AC}.Release|x86.Build.0 = Release|Win32
		{D6CBE355-ECFA-4DC0-8F88-103042113048}.Debug|x64.ActiveCfg = Debug|x64
		{D6CBE355-ECFA-4DC0-8F88-103042113048}.Debug|x64.Build.0 = Debug|x64
		{D6CBE355-ECFA-4DC0-8F88-103042113048}.Debug|x86.ActiveCfg = Debug|Win32
		{D6CBE355-ECFA-4DC0-8F88-103042113048}.Debug|x86.Build.0 = Debug|Win32
		{D6CBE355-ECFA-4DC0-8F88-103042113048}.Release|x64.ActiveCfg = Release|x64
		{D6CBE355-ECFA-4DC0-8F88-103042113048}.Release|x64.Build.0 = Release|x64
		{D6CBE355-ECFA-4DC0-8F88-103042113048}.Release|x86.ActiveCfg = Release|Win32
		{D6CBE355-ECFA-4DC0-8F88-103042113048}.Release|x86.Build.0 = Release|Win32
		{C55D8820-99AA-415F-82A5-A3994163AA77}.Debug|x64.ActiveCfg = Debug|x64
		{C55D8820-99AA-415F-82A5-A3994163AA77}.Debug|x64.Build.0 = Debug|x64
		{C55D8820-99AA-415F-82A5-A3994163AA77}.Debug|x86.ActiveCfg = Debug|Win32
		{C55D8820-99AA-415F-82A5-A3994163AA77}.Debug|x86.Build.0 = Debug|Win32
		{C55D8820-99AA-415F-82A5-A3994163AA77}.Release|x64.ActiveCfg = Release|x64
		{C55D8820-99AA-415F-82A5-A3994163AA77}.Release|x64.Build.0 = Release|x64
		{C55D8820-99AA-415F-82A5-A3994163AA77}.Release|x86.ActiveCfg = Release|Win32
		{C55D8820-99AA-415F-82A5-A3994163AA77}.Release|x86.Build.0 = Release|Win32
		{94FF460C-90A1-4CDB-AF57-E7FBA71261D9}.Debug|x64.ActiveCfg = Debug|x64
		{94FF460C-90A1-4CDB-AF57-E7FBA71261D9}.Debug|x64.Build.0 = Debug|x64
		{94FF460C-90A1-4CDB-AF57-E7FBA71261D9}.Debug|x86.ActiveCfg = Debug|Win32
		{94FF460C-90A1-4CDB-AF57-E7FBA71261D9}.Debug|x86.Build.0 = Debug|Win32
		{94FF460C-90A1-4CDB-AF57-E7FBA71261D9}.Release|x64.ActiveCfg = Release|x64
		{94FF460C-90A1-4CDB-AF57-E7FBA71261D9}.Release|x64.Build.0 = Release|x64
		{94FF460C-90A1-4CDB-AF57-E7FBA71261D9}.Release|x86.ActiveCfg = Release|Win32
		{94FF460C-90A1-4CDB-AF57-E7FBA71261D9}.Release|x86.Build.0 = Release|Win32
		{F3041FC4-8924-4233-8075-D650DB91CC18}.Debug|x64.ActiveCfg = Debug|x64
		{F3041FC4-8924-4233-8075-D650DB91CC18}.Debug|x64.Build.0 = Debug|x64
		{F3041FC4-8924-4233-8075-D650DB91CC18}.Debug|x86.ActiveCfg = Debug|Win32
		{F3041FC4-8924-4233-8075-D650DB91CC18}.Debug|x86.Build.0 = Debug|Win32
		{F3041FC4-8924-4233-8075-D650DB91CC18}.Release|x64.ActiveCfg = Release|x64
		{F3041FC4-8924-4233-8075-D650DB91CC18}.Release|x64.Build.0 = Release|x64
		{F3041FC4-8924-4233-8075-D650DB91CC18}.Release|x86.ActiveCfg = Release|Win32
		{F3041FC4-8924-4233-8075-D650DB91CC18}.Release|x86.Build.0 = Release|Win32
		{6C6FEF25-B74C-4896-8AB7-35BE293AC6EB}.Debug|x64.ActiveCfg = Debug|x64
		{6C6FEF25-B74C-4896-8AB7-35BE293AC6EB}.Debug|x64.Build.0 = Debug|x64
		{6C6FEF25-B74C-4896-8AB7-35BE293AC6EB}.Debug|x86.ActiveCfg = Debug|Win32
		{6C6FEF25-B74C-4896-8AB7-35BE293AC6EB}.Debug|x86.Build.0 = Debug|Win32
		{6C6FEF25-B74C-4896-8AB7-35BE293AC6EB}.Release|x64.ActiveCfg = Release|x64
		{6C6FEF25-B74C-4896-8AB7-35BE293AC6EB}.Release|x64.Build.0 = Release|x64
		{6C6FEF25-B74C-4896-8AB7-35BE293AC6EB}.Release|x86.ActiveCfg = Release|Win32
		{6C6FEF25-B74C-4896-8AB7-35BE293AC6EB}.Release|x86.Build.0 = Release|Win32
		{7AA902EC-FC6D-45B2-B253-0F5FF6BAA368}.Debug|x64.ActiveCfg = Debug|x64
		{7AA902EC-FC6D-45B2-B253-0F5FF6BAA368}.Debug|x64.Build.0 = Debug|x64
		{7AA902EC-FC6D-45B2-B253-0F5FF6BAA368}.Debug|x86.ActiveCfg = Debug|Win32
		{7AA902EC-FC6D-45B2-B253-0F5FF6BAA368}.Debug|x86.Build.0 = Debug|Win32
		{7AA902EC-FC6D-45B2-B253-0F5FF6BAA368}.Release|x64.ActiveCfg = Release|x64
		{7AA902EC-FC6D-45B2-B253-0F5FF6BAA368}.Release|x64.Build.0 = Release|x64
		{7AA902EC-FC6D-45B2-B253-0F5FF6BAA368}.Release|x86.ActiveCfg = Release|Win32
		{7AA902EC-FC6D-45B2-B253-0F5FF6BAA368}.Release|x86.Build.0 = Release|Win32
		{812FA94B-F542-4B35-A19A-41F39A5620C1}.Debug|x64.ActiveCfg = Debug|x64
		{812FA94B-F542-4B35-A19A-41F39A5620C1}.Debug|x64.Build.0 = Debug|x64
		{812FA94B-F542-4B35-A19A-41F39A5620C1}.Debug|x86.ActiveCfg = Debug|Win32
		{812FA94B-F542-4B35-A19A-41F39A5620C1}.Debug|x86.Build.0 = Debug|Win32
		{812FA94B-F542-4B35-A19A-41F39A5620C1}.Release|x64.ActiveCfg = Release|x64
		{812FA94B-F542-4B35-A19A-41F39A5620C1}.Release|x64.Build.0 = Release|x64
		{812FA94B-F542-4B35-A19A-41F39A5620C1}.Release|x86.ActiveCfg = Release|Win32
		{812FA94B-F542-4B35-A19A-41F39A5620C1}.Release|x86.Build.0 = Release|Win32
		{C17AF6C9-F4F4-493D-81CC-D80591BC5D1D}.Debug|x64.ActiveCfg = Debug|x64
		{C17AF6C9-F4F4-493D-81CC-D80591BC5D1D}.Debug|x64.Build.0 = Debug|x64
		{C17AF6C9-F4F4-493D-81CC-D80591BC5D1D}.Debug|x86.ActiveCfg = Debug|Win32
		{C17AF6C9-F4F4-493D-81CC-D80591BC5D1D}.Debug|x86.Build.0 = Debug|Win32
		{C17AF6C9-F4F4-493D-81CC-D80591BC5D1D}.Release|x64.ActiveCfg = Release|x64
		{C17AF6C9-F4F4-493D-81CC-D80591BC5D1D}.Release|x64.Build.0 = Release|x64
		{C17AF6C9-F4F4-493D-81CC-D80591BC5D1D}.Release|x86.ActiveCfg = Release|Win32
		{C17AF6C9-F4F4-493D-81CC-D80591BC5D1D}.Release|x86.Build.0 = Release|Win32
		{451637F7-DDAA-4994-A222-341D0E19BD8B}.Debug|x64.ActiveCfg = Debug|x64
		{451637F7-DDAA-4994-A222-341D0E19BD8B}.Debug|x64.Build.0 = Debug|x64
		{451637F7-DDAA-4994-A222-341D0E19BD8B}.Debug|x86.ActiveCfg = Debug|Win32
		{451637F7-DDAA-4994-A222-341D0E19BD8B}.Debug|x86.Build.0 = Debug|Win32
		{451637F7-DDAA-4994-A222-341D0E19BD8B}.Release|x64.ActiveCfg = Release|x64
		{451637F7-DDAA-4994-A222-341D0E19BD8B}.Release|x64.Build.0 = Release|x64
		{451637F7-DDAA-4994-A222-341D0E19BD8B}.Release|x86.ActiveCfg = Release|Win32
		{451637F7-DDAA-4994-A222-341D0E19BD8B}.Release|x86.Build.0 = Release|Win32
		{1CB8C80A-BB2F-4FD1-B38A-ECA4B2F116AE}.Debug|x64.ActiveCfg = Debug|x64
		{1CB8C80A-BB2F-4FD1-B38A-ECA4B2F116AE}.Debug|x64.Build.0 = Debug|x64
		{1CB8C80A-BB2F-4FD1-B38A-ECA4B2F116AE}.Debug|x86.ActiveCfg = Debug|Win32
		{1CB8C80A-BB2F-4FD1-B38A-ECA4B2F116AE}.Debug|x86.Build.0 = Debug|Win32
		{1CB8C80A-BB2F-4FD1-B38A-ECA4B2F116AE}.Release|x64.ActiveCfg = Release|x64
		{1CB8C80A-BB2F-4FD1-B38A-ECA4B2F116AE}.Release|x64.Build.0 = Release|x64
		{1CB8C80A-BB2F-4FD1-B38A-ECA4B2F116AE}.Release|x86.ActiveCfg = Release|Win32
		{1CB8C80A-BB2F-4FD1-B38A-ECA4B2F116AE}.Release|x86.Build.0 = Release|Win32
		{78826203-D3F7-4C64-90AB-970B27DCDF4B}.Debug|x64.ActiveCfg = Debug|x64
		{78826203-D3F7-4C64-90AB-970B27DCDF4B}.Debug|x64.Build.0 = Debug|x64
		{78826203-D3F7-4C64-90AB-970B27DCDF4B}.Debug|x86.ActiveCfg = Debug|Win32
		{78826203-D3F7-4C64-90AB-970B27DCDF4B}.Debug|x86.Build.0 = Debug|Win32
		{78826203-D3F7-4C64-90AB-970B27DCDF4B}.Release|x64.ActiveCfg = Release|x64
		{78826203-D3F7-4C64-90AB-970B27DCDF4B}.Release|x64.Build.0 = Release|x64
		{78826203-D3F7-4C64-90AB-970B27DCDF4B}.Release|x86.ActiveCfg = Release|Win32
		{78826203-D3F7-4C64-90AB-970B27DCDF4B}.Release|x86.Build.0 = Release|Win32
		{6819BC5D-59B6-40CB-A795-75ABFD6998B5}.Debug|x64.ActiveCfg = Debug|x64
		{6819BC5D-59B6-40CB-A795-75ABFD6998B5}.Debug|x64.Build.0 = Debug|x64
		{6819BC5D-59B6-40CB-A795-75ABFD6998B5}.Debug|x86.ActiveCfg = Debug|Win32
		{6819BC5D-59B6-40CB-A795-75ABFD6998B5}.Debug|x86.Build.0 = Debug|Win32
		{6819BC5D-59B6-40CB-A795-75ABFD6998B5}.Release|x64.ActiveCfg = Release|x64
		{6819BC5D-59B6-40CB-A795-75ABFD6998B5}.Release|x64.Build.0 = Release|x64
		{6819BC5D-59B6-40CB-A795-75ABFD6998B5}.Release|x86.ActiveCfg = Release|Win32
		{6819BC5D-59B6-40CB-A795-75ABFD6998B5}.Release|x86.Build.0 = Release|Win32
		{644748A4-AE7E-4409-9F96-BA6F236121A6}.Debug|x64.ActiveCfg = Debug|x64
		{644748A4-AE7E-4409-9F96-BA6F236121A6}.Debug|x64.Build.0 = Debug|x64
		{644748A4-AE7E-4409-9F96-BA6F236121A6}.Debug|x86.ActiveCfg = Debug|Win32
		{644748A4-AE7E-4409-9F96-BA6F236121A6}.Debug|x86.Build.0 = Debug|Win32
		{644748A4-AE7E-4409-9F96-BA6F236121A6}.Release|x64.ActiveCfg = Release|x64
		{644748A4-AE7E-4409-9F96-BA6F236121A6}.Release|x64.Build.0 = Release|x64
		{644748A4-AE7E-4409-9F96-BA6F236121A6}.Release|x86.ActiveCfg = Release|Win32
		{644748A4-AE7E-4409-9F96-BA6F236121A6}.Release|x86.Build.0 = Release|Win32
	EndGlobalSection
	GlobalSection(SolutionProperties) = preSolution
		HideSolutionNode = FALSE
	EndGlobalSection
	GlobalSection(ExtensibilityGlobals) = postSolution
		SolutionGuid = {B274412B-06B5-472E-B7FA-07A339B07DF5}
	EndGlobalSection
EndGlobal
